
Microsoft Visual Studio Solution File, Format Version 12.00
# Visual Studio Version 16
VisualStudioVersion = 16.0.31729.503
MinimumVisualStudioVersion = 10.0.40219.1
Project("{FAE04EC0-301F-11D3-BF4B-00C04F79EFBC}") = "mvcCore", "mvcCore\mvcCore.csproj", "{0CDEFD9D-D779-40FB-9F94-D1D6E69F3F95}"
EndProject
Global
	GlobalSection(SolutionConfigurationPlatforms) = preSolution
		Debug|Any CPU = Debug|Any CPU
		Release|Any CPU = Release|Any CPU
	EndGlobalSection
	GlobalSection(ProjectConfigurationPlatforms) = postSolution
		{0CDEFD9D-D779-40FB-9F94-D1D6E69F3F95}.Debug|Any CPU.ActiveCfg = Debug|Any CPU
		{0CDEFD9D-D779-40FB-9F94-D1D6E69F3F95}.Debug|Any CPU.Build.0 = Debug|Any CPU
		{0CDEFD9D-D779-40FB-9F94-D1D6E69F3F95}.Release|Any CPU.ActiveCfg = Release|Any CPU
		{0CDEFD9D-D779-40FB-9F94-D1D6E69F3F95}.Release|Any CPU.Build.0 = Release|Any CPU
	EndGlobalSection
	GlobalSection(SolutionProperties) = preSolution
		HideSolutionNode = FALSE
	EndGlobalSection
	GlobalSection(ExtensibilityGlobals) = postSolution
		SolutionGuid = {76513D95-B879-4333-B26E-AF59E8B74395}
	EndGlobalSection
EndGlobal
